
Microsoft Visual Studio Solution File, Format Version 12.00
# Visual Studio 2012
Project("{FAE04EC0-301F-11D3-BF4B-00C04F79EFBC}") = "ControlLibrary", "ControlLibrary\ControlLibrary.csproj", "{44CF0B68-7375-4FFA-9A42-350F45533281}"
EndProject
Project("{FAE04EC0-301F-11D3-BF4B-00C04F79EFBC}") = "TestDemoApp", "TestDemoApp\TestDemoApp.csproj", "{8D229CFE-8981-46FA-8946-7C8AD0E10A52}"
EndProject
Project("{2150E333-8FDC-42A3-9474-1A3956D46DE8}") = "CacheLibrary", "CacheLibrary", "{DA5CB9DD-5954-4D97-A9E8-6A811BFAD498}"
EndProject
Project("{FAE04EC0-301F-11D3-BF4B-00C04F79EFBC}") = "CacheServiceImpl", "CacheLibrary\CacheServiceImpl\CacheServiceImpl.csproj", "{41BB9540-5F43-4686-8D87-27FF07FCF3D0}"
EndProject
Project("{FAE04EC0-301F-11D3-BF4B-00C04F79EFBC}") = "DataLayerWrapper", "CacheLibrary\DataLayerWrapper\DataLayerWrapper.csproj", "{8AE94968-6908-4E80-B088-E19E8235B943}"
EndProject
Project("{FAE04EC0-301F-11D3-BF4B-00C04F79EFBC}") = "Renren3GApiWrapper", "CacheLibrary\Renren3GApiWrapper\Renren3GApiWrapper.csproj", "{31BCBFF8-5698-4148-A0B3-40F0DE27E669}"
EndProject
Project("{FAE04EC0-301F-11D3-BF4B-00C04F79EFBC}") = "RenrenAsyncRespArgs", "CacheLibrary\RenrenAsyncRespArgs\RenrenAsyncRespArgs.csproj", "{D8C5580A-1669-4AFB-83DE-0893A603935B}"
EndProject
Project("{FAE04EC0-301F-11D3-BF4B-00C04F79EFBC}") = "RenrenServiceImpl", "CacheLibrary\RenrenServiceImpl\RenrenServiceImpl.csproj", "{FA555919-D627-40CF-B923-1F4D360F48C9}"
EndProject
Project("{FAE04EC0-301F-11D3-BF4B-00C04F79EFBC}") = "ServiceFacade", "CacheLibrary\ServiceFacade\ServiceFacade.csproj", "{386B5D8A-3FA1-49BD-B724-EFC331BCC6C2}"
EndProject
Project("{FAE04EC0-301F-11D3-BF4B-00C04F79EFBC}") = "RenrenEntites", "CacheLibrary\RenrenEntites\RenrenEntites.csproj", "{6A5E8D9E-8C83-4102-AF2D-84AC17A4CF00}"
EndProject
Project("{FAE04EC0-301F-11D3-BF4B-00C04F79EFBC}") = "ServiceFramework", "CacheLibrary\ServiceFramework\ServiceFramework.csproj", "{508E9BCF-2B76-4DE6-8828-1662104F7653}"
EndProject
Project("{2150E333-8FDC-42A3-9474-1A3956D46DE8}") = "离线存储的说明", "离线存储的说明", "{1E77A8FC-A82B-4DF4-9838-30932C7D96B3}"
	ProjectSection(SolutionItems) = preProject
		离线存储的位置.txt = 离线存储的位置.txt
	EndProjectSection
EndProject
Project("{FAE04EC0-301F-11D3-BF4B-00C04F79EFBC}") = "NotificationsExtensions", "NotificationsExtensions\NotificationsExtensions.csproj", "{5F0AF0D0-2007-4499-BA0F-D44E2931CDA6}"
EndProject
Project("{FAE04EC0-301F-11D3-BF4B-00C04F79EFBC}") = "WinRtHttpHelper", "WinRtHttpHelper\WinRtHttpHelper.csproj", "{A78F9341-2735-40F5-934F-2133C5AC29DE}"
EndProject
Project("{FAE04EC0-301F-11D3-BF4B-00C04F79EFBC}") = "WinRtCacheHelper", "WinRtCacheHelper\WinRtCacheHelper.csproj", "{0E893256-DAA3-4155-8ABB-ED4FAE5F045E}"
EndProject
Project("{FAE04EC0-301F-11D3-BF4B-00C04F79EFBC}") = "HttpCacheTestDemo", "HttpCacheTestDemo\HttpCacheTestDemo.csproj", "{860269E4-F544-47FC-9F38-A33AAE61DEDD}"
EndProject
Project("{FAE04EC0-301F-11D3-BF4B-00C04F79EFBC}") = "LauncherTaskHelper", "LauncherTaskHelper\LauncherTaskHelper.csproj", "{A703DD2C-1EB8-4EDE-9001-55A73DC63D96}"
EndProject
Global
	GlobalSection(SolutionConfigurationPlatforms) = preSolution
		Debug|Any CPU = Debug|Any CPU
		Debug|ARM = Debug|ARM
		Debug|x64 = Debug|x64
		Debug|x86 = Debug|x86
		Release|Any CPU = Release|Any CPU
		Release|ARM = Release|ARM
		Release|x64 = Release|x64
		Release|x86 = Release|x86
	EndGlobalSection
	GlobalSection(ProjectConfigurationPlatforms) = postSolution
		{44CF0B68-7375-4FFA-9A42-350F45533281}.Debug|Any CPU.ActiveCfg = Debug|Any CPU
		{44CF0B68-7375-4FFA-9A42-350F45533281}.Debug|Any CPU.Build.0 = Debug|Any CPU
		{44CF0B68-7375-4FFA-9A42-350F45533281}.Debug|ARM.ActiveCfg = Debug|ARM
		{44CF0B68-7375-4FFA-9A42-350F45533281}.Debug|ARM.Build.0 = Debug|ARM
		{44CF0B68-7375-4FFA-9A42-350F45533281}.Debug|x64.ActiveCfg = Debug|x64
		{44CF0B68-7375-4FFA-9A42-350F45533281}.Debug|x64.Build.0 = Debug|x64
		{44CF0B68-7375-4FFA-9A42-350F45533281}.Debug|x86.ActiveCfg = Debug|x86
		{44CF0B68-7375-4FFA-9A42-350F45533281}.Debug|x86.Build.0 = Debug|x86
		{44CF0B68-7375-4FFA-9A42-350F45533281}.Release|Any CPU.ActiveCfg = Release|Any CPU
		{44CF0B68-7375-4FFA-9A42-350F45533281}.Release|Any CPU.Build.0 = Release|Any CPU
		{44CF0B68-7375-4FFA-9A42-350F45533281}.Release|ARM.ActiveCfg = Release|ARM
		{44CF0B68-7375-4FFA-9A42-350F45533281}.Release|ARM.Build.0 = Release|ARM
		{44CF0B68-7375-4FFA-9A42-350F45533281}.Release|x64.ActiveCfg = Release|x64
		{44CF0B68-7375-4FFA-9A42-350F45533281}.Release|x64.Build.0 = Release|x64
		{44CF0B68-7375-4FFA-9A42-350F45533281}.Release|x86.ActiveCfg = Release|x86
		{44CF0B68-7375-4FFA-9A42-350F45533281}.Release|x86.Build.0 = Release|x86
		{8D229CFE-8981-46FA-8946-7C8AD0E10A52}.Debug|Any CPU.ActiveCfg = Debug|Any CPU
		{8D229CFE-8981-46FA-8946-7C8AD0E10A52}.Debug|Any CPU.Build.0 = Debug|Any CPU
		{8D229CFE-8981-46FA-8946-7C8AD0E10A52}.Debug|Any CPU.Deploy.0 = Debug|Any CPU
		{8D229CFE-8981-46FA-8946-7C8AD0E10A52}.Debug|ARM.ActiveCfg = Debug|ARM
		{8D229CFE-8981-46FA-8946-7C8AD0E10A52}.Debug|ARM.Build.0 = Debug|ARM
		{8D229CFE-8981-46FA-8946-7C8AD0E10A52}.Debug|ARM.Deploy.0 = Debug|ARM
		{8D229CFE-8981-46FA-8946-7C8AD0E10A52}.Debug|x64.ActiveCfg = Debug|x64
		{8D229CFE-8981-46FA-8946-7C8AD0E10A52}.Debug|x64.Build.0 = Debug|x64
		{8D229CFE-8981-46FA-8946-7C8AD0E10A52}.Debug|x64.Deploy.0 = Debug|x64
		{8D229CFE-8981-46FA-8946-7C8AD0E10A52}.Debug|x86.ActiveCfg = Debug|x86
		{8D229CFE-8981-46FA-8946-7C8AD0E10A52}.Debug|x86.Build.0 = Debug|x86
		{8D229CFE-8981-46FA-8946-7C8AD0E10A52}.Debug|x86.Deploy.0 = Debug|x86
		{8D229CFE-8981-46FA-8946-7C8AD0E10A52}.Release|Any CPU.ActiveCfg = Release|Any CPU
		{8D229CFE-8981-46FA-8946-7C8AD0E10A52}.Release|Any CPU.Build.0 = Release|Any CPU
		{8D229CFE-8981-46FA-8946-7C8AD0E10A52}.Release|Any CPU.Deploy.0 = Release|Any CPU
		{8D229CFE-8981-46FA-8946-7C8AD0E10A52}.Release|ARM.ActiveCfg = Release|ARM
		{8D229CFE-8981-46FA-8946-7C8AD0E10A52}.Release|ARM.Build.0 = Release|ARM
		{8D229CFE-8981-46FA-8946-7C8AD0E10A52}.Release|ARM.Deploy.0 = Release|ARM
		{8D229CFE-8981-46FA-8946-7C8AD0E10A52}.Release|x64.ActiveCfg = Release|x64
		{8D229CFE-8981-46FA-8946-7C8AD0E10A52}.Release|x64.Build.0 = Release|x64
		{8D229CFE-8981-46FA-8946-7C8AD0E10A52}.Release|x64.Deploy.0 = Release|x64
		{8D229CFE-8981-46FA-8946-7C8AD0E10A52}.Release|x86.ActiveCfg = Release|x86
		{8D229CFE-8981-46FA-8946-7C8AD0E10A52}.Release|x86.Build.0 = Release|x86
		{8D229CFE-8981-46FA-8946-7C8AD0E10A52}.Release|x86.Deploy.0 = Release|x86
		{41BB9540-5F43-4686-8D87-27FF07FCF3D0}.Debug|Any CPU.ActiveCfg = Debug|Any CPU
		{41BB9540-5F43-4686-8D87-27FF07FCF3D0}.Debug|Any CPU.Build.0 = Debug|Any CPU
		{41BB9540-5F43-4686-8D87-27FF07FCF3D0}.Debug|ARM.ActiveCfg = Debug|ARM
		{41BB9540-5F43-4686-8D87-27FF07FCF3D0}.Debug|ARM.Build.0 = Debug|ARM
		{41BB9540-5F43-4686-8D87-27FF07FCF3D0}.Debug|x64.ActiveCfg = Debug|x64
		{41BB9540-5F43-4686-8D87-27FF07FCF3D0}.Debug|x64.Build.0 = Debug|x64
		{41BB9540-5F43-4686-8D87-27FF07FCF3D0}.Debug|x86.ActiveCfg = Debug|x86
		{41BB9540-5F43-4686-8D87-27FF07FCF3D0}.Debug|x86.Build.0 = Debug|x86
		{41BB9540-5F43-4686-8D87-27FF07FCF3D0}.Release|Any CPU.ActiveCfg = Release|Any CPU
		{41BB9540-5F43-4686-8D87-27FF07FCF3D0}.Release|Any CPU.Build.0 = Release|Any CPU
		{41BB9540-5F43-4686-8D87-27FF07FCF3D0}.Release|ARM.ActiveCfg = Release|ARM
		{41BB9540-5F43-4686-8D87-27FF07FCF3D0}.Release|ARM.Build.0 = Release|ARM
		{41BB9540-5F43-4686-8D87-27FF07FCF3D0}.Release|x64.ActiveCfg = Release|x64
		{41BB9540-5F43-4686-8D87-27FF07FCF3D0}.Release|x64.Build.0 = Release|x64
		{41BB9540-5F43-4686-8D87-27FF07FCF3D0}.Release|x86.ActiveCfg = Release|x86
		{41BB9540-5F43-4686-8D87-27FF07FCF3D0}.Release|x86.Build.0 = Release|x86
		{8AE94968-6908-4E80-B088-E19E8235B943}.Debug|Any CPU.ActiveCfg = Debug|Any CPU
		{8AE94968-6908-4E80-B088-E19E8235B943}.Debug|Any CPU.Build.0 = Debug|Any CPU
		{8AE94968-6908-4E80-B088-E19E8235B943}.Debug|ARM.ActiveCfg = Debug|ARM
		{8AE94968-6908-4E80-B088-E19E8235B943}.Debug|ARM.Build.0 = Debug|ARM
		{8AE94968-6908-4E80-B088-E19E8235B943}.Debug|x64.ActiveCfg = Debug|x64
		{8AE94968-6908-4E80-B088-E19E8235B943}.Debug|x64.Build.0 = Debug|x64
		{8AE94968-6908-4E80-B088-E19E8235B943}.Debug|x86.ActiveCfg = Debug|x86
		{8AE94968-6908-4E80-B088-E19E8235B943}.Debug|x86.Build.0 = Debug|x86
		{8AE94968-6908-4E80-B088-E19E8235B943}.Release|Any CPU.ActiveCfg = Release|Any CPU
		{8AE94968-6908-4E80-B088-E19E8235B943}.Release|Any CPU.Build.0 = Release|Any CPU
		{8AE94968-6908-4E80-B088-E19E8235B943}.Release|ARM.ActiveCfg = Release|ARM
		{8AE94968-6908-4E80-B088-E19E8235B943}.Release|ARM.Build.0 = Release|ARM
		{8AE94968-6908-4E80-B088-E19E8235B943}.Release|x64.ActiveCfg = Release|x64
		{8AE94968-6908-4E80-B088-E19E8235B943}.Release|x64.Build.0 = Release|x64
		{8AE94968-6908-4E80-B088-E19E8235B943}.Release|x86.ActiveCfg = Release|x86
		{8AE94968-6908-4E80-B088-E19E8235B943}.Release|x86.Build.0 = Release|x86
		{31BCBFF8-5698-4148-A0B3-40F0DE27E669}.Debug|Any CPU.ActiveCfg = Debug|Any CPU
		{31BCBFF8-5698-4148-A0B3-40F0DE27E669}.Debug|Any CPU.Build.0 = Debug|Any CPU
		{31BCBFF8-5698-4148-A0B3-40F0DE27E669}.Debug|ARM.ActiveCfg = Debug|ARM
		{31BCBFF8-5698-4148-A0B3-40F0DE27E669}.Debug|ARM.Build.0 = Debug|ARM
		{31BCBFF8-5698-4148-A0B3-40F0DE27E669}.Debug|x64.ActiveCfg = Debug|x64
		{31BCBFF8-5698-4148-A0B3-40F0DE27E669}.Debug|x64.Build.0 = Debug|x64
		{31BCBFF8-5698-4148-A0B3-40F0DE27E669}.Debug|x86.ActiveCfg = Debug|x86
		{31BCBFF8-5698-4148-A0B3-40F0DE27E669}.Debug|x86.Build.0 = Debug|x86
		{31BCBFF8-5698-4148-A0B3-40F0DE27E669}.Release|Any CPU.ActiveCfg = Release|Any CPU
		{31BCBFF8-5698-4148-A0B3-40F0DE27E669}.Release|Any CPU.Build.0 = Release|Any CPU
		{31BCBFF8-5698-4148-A0B3-40F0DE27E669}.Release|ARM.ActiveCfg = Release|ARM
		{31BCBFF8-5698-4148-A0B3-40F0DE27E669}.Release|ARM.Build.0 = Release|ARM
		{31BCBFF8-5698-4148-A0B3-40F0DE27E669}.Release|x64.ActiveCfg = Release|x64
		{31BCBFF8-5698-4148-A0B3-40F0DE27E669}.Release|x64.Build.0 = Release|x64
		{31BCBFF8-5698-4148-A0B3-40F0DE27E669}.Release|x86.ActiveCfg = Release|x86
		{31BCBFF8-5698-4148-A0B3-40F0DE27E669}.Release|x86.Build.0 = Release|x86
		{D8C5580A-1669-4AFB-83DE-0893A603935B}.Debug|Any CPU.ActiveCfg = Debug|Any CPU
		{D8C5580A-1669-4AFB-83DE-0893A603935B}.Debug|Any CPU.Build.0 = Debug|Any CPU
		{D8C5580A-1669-4AFB-83DE-0893A603935B}.Debug|ARM.ActiveCfg = Debug|ARM
		{D8C5580A-1669-4AFB-83DE-0893A603935B}.Debug|ARM.Build.0 = Debug|ARM
		{D8C5580A-1669-4AFB-83DE-0893A603935B}.Debug|x64.ActiveCfg = Debug|x64
		{D8C5580A-1669-4AFB-83DE-0893A603935B}.Debug|x64.Build.0 = Debug|x64
		{D8C5580A-1669-4AFB-83DE-0893A603935B}.Debug|x86.ActiveCfg = Debug|x86
		{D8C5580A-1669-4AFB-83DE-0893A603935B}.Debug|x86.Build.0 = Debug|x86
		{D8C5580A-1669-4AFB-83DE-0893A603935B}.Release|Any CPU.ActiveCfg = Release|Any CPU
		{D8C5580A-1669-4AFB-83DE-0893A603935B}.Release|Any CPU.Build.0 = Release|Any CPU
		{D8C5580A-1669-4AFB-83DE-0893A603935B}.Release|ARM.ActiveCfg = Release|ARM
		{D8C5580A-1669-4AFB-83DE-0893A603935B}.Release|ARM.Build.0 = Release|ARM
		{D8C5580A-1669-4AFB-83DE-0893A603935B}.Release|x64.ActiveCfg = Release|x64
		{D8C5580A-1669-4AFB-83DE-0893A603935B}.Release|x64.Build.0 = Release|x64
		{D8C5580A-1669-4AFB-83DE-0893A603935B}.Release|x86.ActiveCfg = Release|x86
		{D8C5580A-1669-4AFB-83DE-0893A603935B}.Release|x86.Build.0 = Release|x86
		{FA555919-D627-40CF-B923-1F4D360F48C9}.Debug|Any CPU.ActiveCfg = Debug|Any CPU
		{FA555919-D627-40CF-B923-1F4D360F48C9}.Debug|Any CPU.Build.0 = Debug|Any CPU
		{FA555919-D627-40CF-B923-1F4D360F48C9}.Debug|ARM.ActiveCfg = Debug|ARM
		{FA555919-D627-40CF-B923-1F4D360F48C9}.Debug|ARM.Build.0 = Debug|ARM
		{FA555919-D627-40CF-B923-1F4D360F48C9}.Debug|x64.ActiveCfg = Debug|x64
		{FA555919-D627-40CF-B923-1F4D360F48C9}.Debug|x64.Build.0 = Debug|x64
		{FA555919-D627-40CF-B923-1F4D360F48C9}.Debug|x86.ActiveCfg = Debug|x86
		{FA555919-D627-40CF-B923-1F4D360F48C9}.Debug|x86.Build.0 = Debug|x86
		{FA555919-D627-40CF-B923-1F4D360F48C9}.Release|Any CPU.ActiveCfg = Release|Any CPU
		{FA555919-D627-40CF-B923-1F4D360F48C9}.Release|Any CPU.Build.0 = Release|Any CPU
		{FA555919-D627-40CF-B923-1F4D360F48C9}.Release|ARM.ActiveCfg = Release|ARM
		{FA555919-D627-40CF-B923-1F4D360F48C9}.Release|ARM.Build.0 = Release|ARM
		{FA555919-D627-40CF-B923-1F4D360F48C9}.Release|x64.ActiveCfg = Release|x64
		{FA555919-D627-40CF-B923-1F4D360F48C9}.Release|x64.Build.0 = Release|x64
		{FA555919-D627-40CF-B923-1F4D360F48C9}.Release|x86.ActiveCfg = Release|x86
		{FA555919-D627-40CF-B923-1F4D360F48C9}.Release|x86.Build.0 = Release|x86
		{386B5D8A-3FA1-49BD-B724-EFC331BCC6C2}.Debug|Any CPU.ActiveCfg = Debug|Any CPU
		{386B5D8A-3FA1-49BD-B724-EFC331BCC6C2}.Debug|Any CPU.Build.0 = Debug|Any CPU
		{386B5D8A-3FA1-49BD-B724-EFC331BCC6C2}.Debug|ARM.ActiveCfg = Debug|ARM
		{386B5D8A-3FA1-49BD-B724-EFC331BCC6C2}.Debug|ARM.Build.0 = Debug|ARM
		{386B5D8A-3FA1-49BD-B724-EFC331BCC6C2}.Debug|x64.ActiveCfg = Debug|x64
		{386B5D8A-3FA1-49BD-B724-EFC331BCC6C2}.Debug|x64.Build.0 = Debug|x64
		{386B5D8A-3FA1-49BD-B724-EFC331BCC6C2}.Debug|x86.ActiveCfg = Debug|x86
		{386B5D8A-3FA1-49BD-B724-EFC331BCC6C2}.Debug|x86.Build.0 = Debug|x86
		{386B5D8A-3FA1-49BD-B724-EFC331BCC6C2}.Release|Any CPU.ActiveCfg = Release|Any CPU
		{386B5D8A-3FA1-49BD-B724-EFC331BCC6C2}.Release|Any CPU.Build.0 = Release|Any CPU
		{386B5D8A-3FA1-49BD-B724-EFC331BCC6C2}.Release|ARM.ActiveCfg = Release|ARM
		{386B5D8A-3FA1-49BD-B724-EFC331BCC6C2}.Release|ARM.Build.0 = Release|ARM
		{386B5D8A-3FA1-49BD-B724-EFC331BCC6C2}.Release|x64.ActiveCfg = Release|x64
		{386B5D8A-3FA1-49BD-B724-EFC331BCC6C2}.Release|x64.Build.0 = Release|x64
		{386B5D8A-3FA1-49BD-B724-EFC331BCC6C2}.Release|x86.ActiveCfg = Release|x86
		{386B5D8A-3FA1-49BD-B724-EFC331BCC6C2}.Release|x86.Build.0 = Release|x86
		{6A5E8D9E-8C83-4102-AF2D-84AC17A4CF00}.Debug|Any CPU.ActiveCfg = Debug|Any CPU
		{6A5E8D9E-8C83-4102-AF2D-84AC17A4CF00}.Debug|Any CPU.Build.0 = Debug|Any CPU
		{6A5E8D9E-8C83-4102-AF2D-84AC17A4CF00}.Debug|ARM.ActiveCfg = Debug|ARM
		{6A5E8D9E-8C83-4102-AF2D-84AC17A4CF00}.Debug|ARM.Build.0 = Debug|ARM
		{6A5E8D9E-8C83-4102-AF2D-84AC17A4CF00}.Debug|x64.ActiveCfg = Debug|x64
		{6A5E8D9E-8C83-4102-AF2D-84AC17A4CF00}.Debug|x64.Build.0 = Debug|x64
		{6A5E8D9E-8C83-4102-AF2D-84AC17A4CF00}.Debug|x86.ActiveCfg = Debug|x86
		{6A5E8D9E-8C83-4102-AF2D-84AC17A4CF00}.Debug|x86.Build.0 = Debug|x86
		{6A5E8D9E-8C83-4102-AF2D-84AC17A4CF00}.Release|Any CPU.ActiveCfg = Release|Any CPU
		{6A5E8D9E-8C83-4102-AF2D-84AC17A4CF00}.Release|Any CPU.Build.0 = Release|Any CPU
		{6A5E8D9E-8C83-4102-AF2D-84AC17A4CF00}.Release|ARM.ActiveCfg = Release|ARM
		{6A5E8D9E-8C83-4102-AF2D-84AC17A4CF00}.Release|ARM.Build.0 = Release|ARM
		{6A5E8D9E-8C83-4102-AF2D-84AC17A4CF00}.Release|x64.ActiveCfg = Release|x64
		{6A5E8D9E-8C83-4102-AF2D-84AC17A4CF00}.Release|x64.Build.0 = Release|x64
		{6A5E8D9E-8C83-4102-AF2D-84AC17A4CF00}.Release|x86.ActiveCfg = Release|x86
		{6A5E8D9E-8C83-4102-AF2D-84AC17A4CF00}.Release|x86.Build.0 = Release|x86
		{508E9BCF-2B76-4DE6-8828-1662104F7653}.Debug|Any CPU.ActiveCfg = Debug|Any CPU
		{508E9BCF-2B76-4DE6-8828-1662104F7653}.Debug|Any CPU.Build.0 = Debug|Any CPU
		{508E9BCF-2B76-4DE6-8828-1662104F7653}.Debug|ARM.ActiveCfg = Debug|ARM
		{508E9BCF-2B76-4DE6-8828-1662104F7653}.Debug|ARM.Build.0 = Debug|ARM
		{508E9BCF-2B76-4DE6-8828-1662104F7653}.Debug|x64.ActiveCfg = Debug|x64
		{508E9BCF-2B76-4DE6-8828-1662104F7653}.Debug|x64.Build.0 = Debug|x64
		{508E9BCF-2B76-4DE6-8828-1662104F7653}.Debug|x86.ActiveCfg = Debug|x86
		{508E9BCF-2B76-4DE6-8828-1662104F7653}.Debug|x86.Build.0 = Debug|x86
		{508E9BCF-2B76-4DE6-8828-1662104F7653}.Release|Any CPU.ActiveCfg = Release|Any CPU
		{508E9BCF-2B76-4DE6-8828-1662104F7653}.Release|Any CPU.Build.0 = Release|Any CPU
		{508E9BCF-2B76-4DE6-8828-1662104F7653}.Release|ARM.ActiveCfg = Release|ARM
		{508E9BCF-2B76-4DE6-8828-1662104F7653}.Release|ARM.Build.0 = Release|ARM
		{508E9BCF-2B76-4DE6-8828-1662104F7653}.Release|x64.ActiveCfg = Release|x64
		{508E9BCF-2B76-4DE6-8828-1662104F7653}.Release|x64.Build.0 = Release|x64
		{508E9BCF-2B76-4DE6-8828-1662104F7653}.Release|x86.ActiveCfg = Release|x86
		{508E9BCF-2B76-4DE6-8828-1662104F7653}.Release|x86.Build.0 = Release|x86
		{5F0AF0D0-2007-4499-BA0F-D44E2931CDA6}.Debug|Any CPU.ActiveCfg = Debug|Any CPU
		{5F0AF0D0-2007-4499-BA0F-D44E2931CDA6}.Debug|Any CPU.Build.0 = Debug|Any CPU
		{5F0AF0D0-2007-4499-BA0F-D44E2931CDA6}.Debug|ARM.ActiveCfg = Debug|ARM
		{5F0AF0D0-2007-4499-BA0F-D44E2931CDA6}.Debug|ARM.Build.0 = Debug|ARM
		{5F0AF0D0-2007-4499-BA0F-D44E2931CDA6}.Debug|x64.ActiveCfg = Debug|x64
		{5F0AF0D0-2007-4499-BA0F-D44E2931CDA6}.Debug|x64.Build.0 = Debug|x64
		{5F0AF0D0-2007-4499-BA0F-D44E2931CDA6}.Debug|x86.ActiveCfg = Debug|x86
		{5F0AF0D0-2007-4499-BA0F-D44E2931CDA6}.Debug|x86.Build.0 = Debug|x86
		{5F0AF0D0-2007-4499-BA0F-D44E2931CDA6}.Release|Any CPU.ActiveCfg = Release|Any CPU
		{5F0AF0D0-2007-4499-BA0F-D44E2931CDA6}.Release|Any CPU.Build.0 = Release|Any CPU
		{5F0AF0D0-2007-4499-BA0F-D44E2931CDA6}.Release|ARM.ActiveCfg = Release|ARM
		{5F0AF0D0-2007-4499-BA0F-D44E2931CDA6}.Release|ARM.Build.0 = Release|ARM
		{5F0AF0D0-2007-4499-BA0F-D44E2931CDA6}.Release|x64.ActiveCfg = Release|x64
		{5F0AF0D0-2007-4499-BA0F-D44E2931CDA6}.Release|x64.Build.0 = Release|x64
		{5F0AF0D0-2007-4499-BA0F-D44E2931CDA6}.Release|x86.ActiveCfg = Release|x86
		{5F0AF0D0-2007-4499-BA0F-D44E2931CDA6}.Release|x86.Build.0 = Release|x86
		{A78F9341-2735-40F5-934F-2133C5AC29DE}.Debug|Any CPU.ActiveCfg = Debug|Any CPU
		{A78F9341-2735-40F5-934F-2133C5AC29DE}.Debug|Any CPU.Build.0 = Debug|Any CPU
		{A78F9341-2735-40F5-934F-2133C5AC29DE}.Debug|ARM.ActiveCfg = Debug|ARM
		{A78F9341-2735-40F5-934F-2133C5AC29DE}.Debug|ARM.Build.0 = Debug|ARM
		{A78F9341-2735-40F5-934F-2133C5AC29DE}.Debug|x64.ActiveCfg = Debug|x64
		{A78F9341-2735-40F5-934F-2133C5AC29DE}.Debug|x64.Build.0 = Debug|x64
		{A78F9341-2735-40F5-934F-2133C5AC29DE}.Debug|x86.ActiveCfg = Debug|x86
		{A78F9341-2735-40F5-934F-2133C5AC29DE}.Debug|x86.Build.0 = Debug|x86
		{A78F9341-2735-40F5-934F-2133C5AC29DE}.Release|Any CPU.ActiveCfg = Release|Any CPU
		{A78F9341-2735-40F5-934F-2133C5AC29DE}.Release|Any CPU.Build.0 = Release|Any CPU
		{A78F9341-2735-40F5-934F-2133C5AC29DE}.Release|ARM.ActiveCfg = Release|ARM
		{A78F9341-2735-40F5-934F-2133C5AC29DE}.Release|ARM.Build.0 = Release|ARM
		{A78F9341-2735-40F5-934F-2133C5AC29DE}.Release|x64.ActiveCfg = Release|x64
		{A78F9341-2735-40F5-934F-2133C5AC29DE}.Release|x64.Build.0 = Release|x64
		{A78F9341-2735-40F5-934F-2133C5AC29DE}.Release|x86.ActiveCfg = Release|x86
		{A78F9341-2735-40F5-934F-2133C5AC29DE}.Release|x86.Build.0 = Release|x86
		{0E893256-DAA3-4155-8ABB-ED4FAE5F045E}.Debug|Any CPU.ActiveCfg = Debug|Any CPU
		{0E893256-DAA3-4155-8ABB-ED4FAE5F045E}.Debug|Any CPU.Build.0 = Debug|Any CPU
		{0E893256-DAA3-4155-8ABB-ED4FAE5F045E}.Debug|ARM.ActiveCfg = Debug|ARM
		{0E893256-DAA3-4155-8ABB-ED4FAE5F045E}.Debug|ARM.Build.0 = Debug|ARM
		{0E893256-DAA3-4155-8ABB-ED4FAE5F045E}.Debug|x64.ActiveCfg = Debug|x64
		{0E893256-DAA3-4155-8ABB-ED4FAE5F045E}.Debug|x64.Build.0 = Debug|x64
		{0E893256-DAA3-4155-8ABB-ED4FAE5F045E}.Debug|x86.ActiveCfg = Debug|x86
		{0E893256-DAA3-4155-8ABB-ED4FAE5F045E}.Debug|x86.Build.0 = Debug|x86
		{0E893256-DAA3-4155-8ABB-ED4FAE5F045E}.Release|Any CPU.ActiveCfg = Release|Any CPU
		{0E893256-DAA3-4155-8ABB-ED4FAE5F045E}.Release|Any CPU.Build.0 = Release|Any CPU
		{0E893256-DAA3-4155-8ABB-ED4FAE5F045E}.Release|ARM.ActiveCfg = Release|ARM
		{0E893256-DAA3-4155-8ABB-ED4FAE5F045E}.Release|ARM.Build.0 = Release|ARM
		{0E893256-DAA3-4155-8ABB-ED4FAE5F045E}.Release|x64.ActiveCfg = Release|x64
		{0E893256-DAA3-4155-8ABB-ED4FAE5F045E}.Release|x64.Build.0 = Release|x64
		{0E893256-DAA3-4155-8ABB-ED4FAE5F045E}.Release|x86.ActiveCfg = Release|x86
		{0E893256-DAA3-4155-8ABB-ED4FAE5F045E}.Release|x86.Build.0 = Release|x86
		{860269E4-F544-47FC-9F38-A33AAE61DEDD}.Debug|Any CPU.ActiveCfg = Debug|Any CPU
		{860269E4-F544-47FC-9F38-A33AAE61DEDD}.Debug|Any CPU.Build.0 = Debug|Any CPU
		{860269E4-F544-47FC-9F38-A33AAE61DEDD}.Debug|Any CPU.Deploy.0 = Debug|Any CPU
		{860269E4-F544-47FC-9F38-A33AAE61DEDD}.Debug|ARM.ActiveCfg = Debug|ARM
		{860269E4-F544-47FC-9F38-A33AAE61DEDD}.Debug|ARM.Build.0 = Debug|ARM
		{860269E4-F544-47FC-9F38-A33AAE61DEDD}.Debug|ARM.Deploy.0 = Debug|ARM
		{860269E4-F544-47FC-9F38-A33AAE61DEDD}.Debug|x64.ActiveCfg = Debug|x64
		{860269E4-F544-47FC-9F38-A33AAE61DEDD}.Debug|x64.Build.0 = Debug|x64
		{860269E4-F544-47FC-9F38-A33AAE61DEDD}.Debug|x64.Deploy.0 = Debug|x64
		{860269E4-F544-47FC-9F38-A33AAE61DEDD}.Debug|x86.ActiveCfg = Debug|x86
		{860269E4-F544-47FC-9F38-A33AAE61DEDD}.Debug|x86.Build.0 = Debug|x86
		{860269E4-F544-47FC-9F38-A33AAE61DEDD}.Debug|x86.Deploy.0 = Debug|x86
		{860269E4-F544-47FC-9F38-A33AAE61DEDD}.Release|Any CPU.ActiveCfg = Release|Any CPU
		{860269E4-F544-47FC-9F38-A33AAE61DEDD}.Release|Any CPU.Build.0 = Release|Any CPU
		{860269E4-F544-47FC-9F38-A33AAE61DEDD}.Release|Any CPU.Deploy.0 = Release|Any CPU
		{860269E4-F544-47FC-9F38-A33AAE61DEDD}.Release|ARM.ActiveCfg = Release|ARM
		{860269E4-F544-47FC-9F38-A33AAE61DEDD}.Release|ARM.Build.0 = Release|ARM
		{860269E4-F544-47FC-9F38-A33AAE61DEDD}.Release|ARM.Deploy.0 = Release|ARM
		{860269E4-F544-47FC-9F38-A33AAE61DEDD}.Release|x64.ActiveCfg = Release|x64
		{860269E4-F544-47FC-9F38-A33AAE61DEDD}.Release|x64.Build.0 = Release|x64
		{860269E4-F544-47FC-9F38-A33AAE61DEDD}.Release|x64.Deploy.0 = Release|x64
		{860269E4-F544-47FC-9F38-A33AAE61DEDD}.Release|x86.ActiveCfg = Release|x86
		{860269E4-F544-47FC-9F38-A33AAE61DEDD}.Release|x86.Build.0 = Release|x86
		{860269E4-F544-47FC-9F38-A33AAE61DEDD}.Release|x86.Deploy.0 = Release|x86
		{A703DD2C-1EB8-4EDE-9001-55A73DC63D96}.Debug|Any CPU.ActiveCfg = Debug|Any CPU
		{A703DD2C-1EB8-4EDE-9001-55A73DC63D96}.Debug|Any CPU.Build.0 = Debug|Any CPU
		{A703DD2C-1EB8-4EDE-9001-55A73DC63D96}.Debug|ARM.ActiveCfg = Debug|ARM
		{A703DD2C-1EB8-4EDE-9001-55A73DC63D96}.Debug|ARM.Build.0 = Debug|ARM
		{A703DD2C-1EB8-4EDE-9001-55A73DC63D96}.Debug|x64.ActiveCfg = Debug|x64
		{A703DD2C-1EB8-4EDE-9001-55A73DC63D96}.Debug|x64.Build.0 = Debug|x64
		{A703DD2C-1EB8-4EDE-9001-55A73DC63D96}.Debug|x86.ActiveCfg = Debug|x86
		{A703DD2C-1EB8-4EDE-9001-55A73DC63D96}.Debug|x86.Build.0 = Debug|x86
		{A703DD2C-1EB8-4EDE-9001-55A73DC63D96}.Release|Any CPU.ActiveCfg = Release|Any CPU
		{A703DD2C-1EB8-4EDE-9001-55A73DC63D96}.Release|Any CPU.Build.0 = Release|Any CPU
		{A703DD2C-1EB8-4EDE-9001-55A73DC63D96}.Release|ARM.ActiveCfg = Release|ARM
		{A703DD2C-1EB8-4EDE-9001-55A73DC63D96}.Release|ARM.Build.0 = Release|ARM
		{A703DD2C-1EB8-4EDE-9001-55A73DC63D96}.Release|x64.ActiveCfg = Release|x64
		{A703DD2C-1EB8-4EDE-9001-55A73DC63D96}.Release|x64.Build.0 = Release|x64
		{A703DD2C-1EB8-4EDE-9001-55A73DC63D96}.Release|x86.ActiveCfg = Release|x86
		{A703DD2C-1EB8-4EDE-9001-55A73DC63D96}.Release|x86.Build.0 = Release|x86
	EndGlobalSection
	GlobalSection(SolutionProperties) = preSolution
		HideSolutionNode = FALSE
	EndGlobalSection
	GlobalSection(NestedProjects) = preSolution
		{41BB9540-5F43-4686-8D87-27FF07FCF3D0} = {DA5CB9DD-5954-4D97-A9E8-6A811BFAD498}
		{8AE94968-6908-4E80-B088-E19E8235B943} = {DA5CB9DD-5954-4D97-A9E8-6A811BFAD498}
		{31BCBFF8-5698-4148-A0B3-40F0DE27E669} = {DA5CB9DD-5954-4D97-A9E8-6A811BFAD498}
		{D8C5580A-1669-4AFB-83DE-0893A603935B} = {DA5CB9DD-5954-4D97-A9E8-6A811BFAD498}
		{FA555919-D627-40CF-B923-1F4D360F48C9} = {DA5CB9DD-5954-4D97-A9E8-6A811BFAD498}
		{386B5D8A-3FA1-49BD-B724-EFC331BCC6C2} = {DA5CB9DD-5954-4D97-A9E8-6A811BFAD498}
		{6A5E8D9E-8C83-4102-AF2D-84AC17A4CF00} = {DA5CB9DD-5954-4D97-A9E8-6A811BFAD498}
		{508E9BCF-2B76-4DE6-8828-1662104F7653} = {DA5CB9DD-5954-4D97-A9E8-6A811BFAD498}
	EndGlobalSection
EndGlobal
